
Microsoft Visual Studio Solution File, Format Version 12.00
# Visual Studio Version 16
VisualStudioVersion = 16.0.31729.503
MinimumVisualStudioVersion = 10.0.40219.1
Project("{FAE04EC0-301F-11D3-BF4B-00C04F79EFBC}") = "BarcodeCSharp", "BarcodeCSharp.csproj", "{5127FB49-C912-4E49-83A1-985972422373}"
EndProject
Global
	GlobalSection(SolutionConfigurationPlatforms) = preSolution
		Debug|Any CPU = Debug|Any CPU
		Release|Any CPU = Release|Any CPU
	EndGlobalSection
	GlobalSection(ProjectConfigurationPlatforms) = postSolution
		{5127FB49-C912-4E49-83A1-985972422373}.Debug|Any CPU.ActiveCfg = Debug|Any CPU
		{5127FB49-C912-4E49-83A1-985972422373}.Debug|Any CPU.Build.0 = Debug|Any CPU
		{5127FB49-C912-4E49-83A1-985972422373}.Release|Any CPU.ActiveCfg = Release|Any CPU
		{5127FB49-C912-4E49-83A1-985972422373}.Release|Any CPU.Build.0 = Release|Any CPU
	EndGlobalSection
	GlobalSection(SolutionProperties) = preSolution
		HideSolutionNode = FALSE
	EndGlobalSection
	GlobalSection(ExtensibilityGlobals) = postSolution
		SolutionGuid = {4DE63010-2814-43AB-9998-DE71426D72DD}
	EndGlobalSection
EndGlobal
